
Microsoft Visual Studio Solution File, Format Version 12.00
# Visual Studio Version 17
VisualStudioVersion = 17.11.35303.130
MinimumVisualStudioVersion = 10.0.40219.1
Project("{FAE04EC0-301F-11D3-BF4B-00C04F79EFBC}") = "лаба 6", "лаба 6\лаба 6.csproj", "{9E9172F2-0D07-4B4D-AEC1-9FD4914D9D8B}"
EndProject
Global
	GlobalSection(SolutionConfigurationPlatforms) = preSolution
		Debug|Any CPU = Debug|Any CPU
		Release|Any CPU = Release|Any CPU
	EndGlobalSection
	GlobalSection(ProjectConfigurationPlatforms) = postSolution
		{9E9172F2-0D07-4B4D-AEC1-9FD4914D9D8B}.Debug|Any CPU.ActiveCfg = Debug|Any CPU
		{9E9172F2-0D07-4B4D-AEC1-9FD4914D9D8B}.Debug|Any CPU.Build.0 = Debug|Any CPU
		{9E9172F2-0D07-4B4D-AEC1-9FD4914D9D8B}.Release|Any CPU.ActiveCfg = Release|Any CPU
		{9E9172F2-0D07-4B4D-AEC1-9FD4914D9D8B}.Release|Any CPU.Build.0 = Release|Any CPU
	EndGlobalSection
	GlobalSection(SolutionProperties) = preSolution
		HideSolutionNode = FALSE
	EndGlobalSection
	GlobalSection(ExtensibilityGlobals) = postSolution
		SolutionGuid = {DA214B9B-1E4B-4946-8C33-0E491C1CC82D}
	EndGlobalSection
EndGlobal
